
Microsoft Visual Studio Solution File, Format Version 12.00
# Visual Studio Version 17
VisualStudioVersion = 17.6.33723.286
MinimumVisualStudioVersion = 10.0.40219.1
Project("{FAE04EC0-301F-11D3-BF4B-00C04F79EFBC}") = "RegistrarCedula", "RegistrarCedula.csproj", "{9FB3E375-58A4-49E6-BDD1-9119B2622EFF}"
EndProject
Project("{FAE04EC0-301F-11D3-BF4B-00C04F79EFBC}") = "RegistrarCedula.Shared", "..\RegistrarCedula.Shared\RegistrarCedula.Shared.csproj", "{ECBB1ED6-358E-4859-B240-0F084340FA57}"
EndProject
Project("{FAE04EC0-301F-11D3-BF4B-00C04F79EFBC}") = "RegistrarCedula.Data", "..\RegistrarCedula.Data\RegistrarCedula.Data.csproj", "{03AD97D5-DC93-4F20-A3FF-C8F3E914FB8B}"
EndProject
Global
	GlobalSection(SolutionConfigurationPlatforms) = preSolution
		Debug|Any CPU = Debug|Any CPU
		Release|Any CPU = Release|Any CPU
	EndGlobalSection
	GlobalSection(ProjectConfigurationPlatforms) = postSolution
		{9FB3E375-58A4-49E6-BDD1-9119B2622EFF}.Debug|Any CPU.ActiveCfg = Debug|Any CPU
		{9FB3E375-58A4-49E6-BDD1-9119B2622EFF}.Debug|Any CPU.Build.0 = Debug|Any CPU
		{9FB3E375-58A4-49E6-BDD1-9119B2622EFF}.Release|Any CPU.ActiveCfg = Release|Any CPU
		{9FB3E375-58A4-49E6-BDD1-9119B2622EFF}.Release|Any CPU.Build.0 = Release|Any CPU
		{ECBB1ED6-358E-4859-B240-0F084340FA57}.Debug|Any CPU.ActiveCfg = Debug|Any CPU
		{ECBB1ED6-358E-4859-B240-0F084340FA57}.Debug|Any CPU.Build.0 = Debug|Any CPU
		{ECBB1ED6-358E-4859-B240-0F084340FA57}.Release|Any CPU.ActiveCfg = Release|Any CPU
		{ECBB1ED6-358E-4859-B240-0F084340FA57}.Release|Any CPU.Build.0 = Release|Any CPU
		{03AD97D5-DC93-4F20-A3FF-C8F3E914FB8B}.Debug|Any CPU.ActiveCfg = Debug|Any CPU
		{03AD97D5-DC93-4F20-A3FF-C8F3E914FB8B}.Debug|Any CPU.Build.0 = Debug|Any CPU
		{03AD97D5-DC93-4F20-A3FF-C8F3E914FB8B}.Release|Any CPU.ActiveCfg = Release|Any CPU
		{03AD97D5-DC93-4F20-A3FF-C8F3E914FB8B}.Release|Any CPU.Build.0 = Release|Any CPU
	EndGlobalSection
	GlobalSection(SolutionProperties) = preSolution
		HideSolutionNode = FALSE
	EndGlobalSection
	GlobalSection(ExtensibilityGlobals) = postSolution
		SolutionGuid = {7A3EF040-0065-4BFC-8E10-ECC02B5DB94A}
	EndGlobalSection
EndGlobal
